
Microsoft Visual Studio Solution File, Format Version 12.00
# Visual Studio 2012
Project("{FAE04EC0-301F-11D3-BF4B-00C04F79EFBC}") = "TelegramBot", "TelegramBot\TelegramBot.csproj", "{DD802FA7-B26F-46B4-8182-30453A93182D}"
EndProject
Global
	GlobalSection(SolutionConfigurationPlatforms) = preSolution
		Debug|x86 = Debug|x86
		Release|x86 = Release|x86
	EndGlobalSection
	GlobalSection(ProjectConfigurationPlatforms) = postSolution
		{DD802FA7-B26F-46B4-8182-30453A93182D}.Debug|x86.ActiveCfg = Debug|x86
		{DD802FA7-B26F-46B4-8182-30453A93182D}.Debug|x86.Build.0 = Debug|x86
		{DD802FA7-B26F-46B4-8182-30453A93182D}.Release|x86.ActiveCfg = Release|x86
		{DD802FA7-B26F-46B4-8182-30453A93182D}.Release|x86.Build.0 = Release|x86
	EndGlobalSection
EndGlobal
